Microsoft Visual Studio Solution File, Format Version 12.00
# Visual Studio Version 17
VisualStudioVersion = 17.5.2.0
MinimumVisualStudioVersion = 10.0.40219.1
Project("{2150E333-8FDC-42A3-9474-1A3956D46DE8}") = "prelim-review", "prelim-review", "{D0733194-8BD8-EF14-AC84-D72E9BA68DEE}"
EndProject
Project("{2150E333-8FDC-42A3-9474-1A3956D46DE8}") = "csharp", "csharp", "{AF5902AA-529B-2EBD-B10D-A1D6F749D335}"
EndProject
Project("{FAE04EC0-301F-11D3-BF4B-00C04F79EFBC}") = "semantics", "prelim-review\csharp\semantics\semantics.csproj", "{621263B1-4AD6-526F-B72C-64608191A812}"
EndProject
Project("{FAE04EC0-301F-11D3-BF4B-00C04F79EFBC}") = "syntax", "prelim-review\csharp\syntax\syntax.csproj", "{F04BD28F-C200-ECDB-8C12-ACB52B17F166}"
EndProject
Global
	GlobalSection(SolutionConfigurationPlatforms) = preSolution
		Debug|Any CPU = Debug|Any CPU
		Release|Any CPU = Release|Any CPU
	EndGlobalSection
	GlobalSection(ProjectConfigurationPlatforms) = postSolution
		{621263B1-4AD6-526F-B72C-64608191A812}.Debug|Any CPU.ActiveCfg = Debug|Any CPU
		{621263B1-4AD6-526F-B72C-64608191A812}.Debug|Any CPU.Build.0 = Debug|Any CPU
		{621263B1-4AD6-526F-B72C-64608191A812}.Release|Any CPU.ActiveCfg = Release|Any CPU
		{621263B1-4AD6-526F-B72C-64608191A812}.Release|Any CPU.Build.0 = Release|Any CPU
		{F04BD28F-C200-ECDB-8C12-ACB52B17F166}.Debug|Any CPU.ActiveCfg = Debug|Any CPU
		{F04BD28F-C200-ECDB-8C12-ACB52B17F166}.Debug|Any CPU.Build.0 = Debug|Any CPU
		{F04BD28F-C200-ECDB-8C12-ACB52B17F166}.Release|Any CPU.ActiveCfg = Release|Any CPU
		{F04BD28F-C200-ECDB-8C12-ACB52B17F166}.Release|Any CPU.Build.0 = Release|Any CPU
	EndGlobalSection
	GlobalSection(SolutionProperties) = preSolution
		HideSolutionNode = FALSE
	EndGlobalSection
	GlobalSection(NestedProjects) = preSolution
		{AF5902AA-529B-2EBD-B10D-A1D6F749D335} = {D0733194-8BD8-EF14-AC84-D72E9BA68DEE}
		{621263B1-4AD6-526F-B72C-64608191A812} = {AF5902AA-529B-2EBD-B10D-A1D6F749D335}
		{F04BD28F-C200-ECDB-8C12-ACB52B17F166} = {AF5902AA-529B-2EBD-B10D-A1D6F749D335}
	EndGlobalSection
	GlobalSection(ExtensibilityGlobals) = postSolution
		SolutionGuid = {CE584689-BA12-42AF-9597-CBE7D0CE6085}
	EndGlobalSection
EndGlobal
